
Microsoft Visual Studio Solution File, Format Version 12.00
# Visual Studio Version 17
VisualStudioVersion = 17.4.33213.308
MinimumVisualStudioVersion = 10.0.40219.1
Project("{FAE04EC0-301F-11D3-BF4B-00C04F79EFBC}") = "GamingPortal", "GamingPortal\GamingPortal.csproj", "{A287B00A-D203-4ADE-8160-AF2F7E9D63A7}"
EndProject
Global
	GlobalSection(SolutionConfigurationPlatforms) = preSolution
		Debug|Any CPU = Debug|Any CPU
		Release|Any CPU = Release|Any CPU
	EndGlobalSection
	GlobalSection(ProjectConfigurationPlatforms) = postSolution
		{A287B00A-D203-4ADE-8160-AF2F7E9D63A7}.Debug|Any CPU.ActiveCfg = Debug|Any CPU
		{A287B00A-D203-4ADE-8160-AF2F7E9D63A7}.Debug|Any CPU.Build.0 = Debug|Any CPU
		{A287B00A-D203-4ADE-8160-AF2F7E9D63A7}.Release|Any CPU.ActiveCfg = Release|Any CPU
		{A287B00A-D203-4ADE-8160-AF2F7E9D63A7}.Release|Any CPU.Build.0 = Release|Any CPU
	EndGlobalSection
	GlobalSection(SolutionProperties) = preSolution
		HideSolutionNode = FALSE
	EndGlobalSection
	GlobalSection(ExtensibilityGlobals) = postSolution
		SolutionGuid = {FE1A0B80-339B-4F93-B84E-7B7390788227}
	EndGlobalSection
EndGlobal
